
Microsoft Visual Studio Solution File, Format Version 12.00
Project("{FAE04EC0-301F-11D3-BF4B-00C04F79EFBC}") = "MassTransitTutorials", "MassTransitTutorials\MassTransitTutorials.csproj", "{803253E6-7783-4CB1-BCFB-DED81A7C54BA}"
EndProject
Project("{FAE04EC0-301F-11D3-BF4B-00C04F79EFBC}") = "CommandExecutor", "CommandExecutor\CommandExecutor.csproj", "{38BDC866-12C6-421D-9DAC-5FA879B01B89}"
EndProject
Global
	GlobalSection(SolutionConfigurationPlatforms) = preSolution
		Debug|Any CPU = Debug|Any CPU
		Release|Any CPU = Release|Any CPU
	EndGlobalSection
	GlobalSection(ProjectConfigurationPlatforms) = postSolution
		{803253E6-7783-4CB1-BCFB-DED81A7C54BA}.Debug|Any CPU.ActiveCfg = Debug|Any CPU
		{803253E6-7783-4CB1-BCFB-DED81A7C54BA}.Debug|Any CPU.Build.0 = Debug|Any CPU
		{803253E6-7783-4CB1-BCFB-DED81A7C54BA}.Release|Any CPU.ActiveCfg = Release|Any CPU
		{803253E6-7783-4CB1-BCFB-DED81A7C54BA}.Release|Any CPU.Build.0 = Release|Any CPU
		{38BDC866-12C6-421D-9DAC-5FA879B01B89}.Debug|Any CPU.ActiveCfg = Debug|Any CPU
		{38BDC866-12C6-421D-9DAC-5FA879B01B89}.Debug|Any CPU.Build.0 = Debug|Any CPU
		{38BDC866-12C6-421D-9DAC-5FA879B01B89}.Release|Any CPU.ActiveCfg = Release|Any CPU
		{38BDC866-12C6-421D-9DAC-5FA879B01B89}.Release|Any CPU.Build.0 = Release|Any CPU
	EndGlobalSection
EndGlobal
